# This file is automatically @generated by Wally.
# It is not intended for manual editing.
registry = "test"

[[package]]
name = "jhoray/tnt-tag"
version = "0.1.0"
dependencies = [["profilestore", "lm-loleris/profilestore@1.0.3"]]

[[package]]
name = "lm-loleris/profilestore"
version = "1.0.3"
dependencies = []
